{
  "name": "NodeServer",
  "lockfileVersion": 2,
  "requires": true,
  "packages": {
    "": {
      "dependencies": {
        "@types/node": "^18.6.1",
        "http": "^0.0.1-security"
      },
      "devDependencies": {
        "typescript": "^4.7.4"
      }
    },
    "node_modules/@types/node": {
      "version": "18.6.1",
      "resolved": "https://registry.npmjs.org/@types/node/-/node-18.6.1.tgz",
      "integrity": "sha512-z+2vB6yDt1fNwKOeGbckpmirO+VBDuQqecXkgeIqDlaOtmKn6hPR/viQ8cxCfqLU4fTlvM3+YjM367TukWdxpg=="
    },
    "node_modules/http": {
      "version": "0.0.1-security",
      "resolved": "https://registry.npmjs.org/http/-/http-0.0.1-security.tgz",
      "integrity": "sha512-RnDvP10Ty9FxqOtPZuxtebw1j4L/WiqNMDtuc1YMH1XQm5TgDRaR1G9u8upL6KD1bXHSp9eSXo/ED+8Q7FAr+g=="
    },
    "node_modules/typescript": {
      "version": "4.7.4",
      "resolved": "https://registry.npmjs.org/typescript/-/typescript-4.7.4.tgz",
      "integrity": "sha512-C0WQT0gezHuw6AdY1M2jxUO83Rjf0HP7Sk1DtXj6j1EwkQNZrHAg2XPWlq62oqEhYvONq5pkC2Y9oPljWToLmQ==",
      "dev": true,
      "bin": {
        "tsc": "bin/tsc",
        "tsserver": "bin/tsserver"
      },
      "engines": {
        "node": ">=4.2.0"
      }
    }
  },
  "dependencies": {
    "@types/node": {
      "version": "18.6.1",
      "resolved": "https://registry.npmjs.org/@types/node/-/node-18.6.1.tgz",
      "integrity": "sha512-z+2vB6yDt1fNwKOeGbckpmirO+VBDuQqecXkgeIqDlaOtmKn6hPR/viQ8cxCfqLU4fTlvM3+YjM367TukWdxpg=="
    },
    "http": {
      "version": "0.0.1-security",
      "resolved": "https://registry.npmjs.org/http/-/http-0.0.1-security.tgz",
      "integrity": "sha512-RnDvP10Ty9FxqOtPZuxtebw1j4L/WiqNMDtuc1YMH1XQm5TgDRaR1G9u8upL6KD1bXHSp9eSXo/ED+8Q7FAr+g=="
    },
    "typescript": {
      "version": "4.7.4",
      "resolved": "https://registry.npmjs.org/typescript/-/typescript-4.7.4.tgz",
      "integrity": "sha512-C0WQT0gezHuw6AdY1M2jxUO83Rjf0HP7Sk1DtXj6j1EwkQNZrHAg2XPWlq62oqEhYvONq5pkC2Y9oPljWToLmQ==",
      "dev": true
    }
  }
}
